// !$*UTF8*$!
{
	archiveVersion = 1;
	classes = {
	};
	objectVersion = 56;
	objects = {

/* Begin PBXBuildFile section */
		2C42DEB32996689300F7268F /* AppDelegate.swift in Sources */ = {isa = PBXBuildFile; fileRef = 2C42DEB22996689300F7268F /* AppDelegate.swift */; };
		2C42DEB52996689300F7268F /* SceneDelegate.swift in Sources */ = {isa = PBXBuildFile; fileRef = 2C42DEB42996689300F7268F /* SceneDelegate.swift */; };
		2C42DEB72996689300F7268F /* ViewController.swift in Sources */ = {isa = PBXBuildFile; fileRef = 2C42DEB62996689300F7268F /* ViewController.swift */; };
		2C42DEBC2996689300F7268F /* Assets.xcassets in Resources */ = {isa = PBXBuildFile; fileRef = 2C42DEBB2996689300F7268F /* Assets.xcassets */; };
		2C42DEBF2996689300F7268F /* LaunchScreen.storyboard in Resources */ = {isa = PBXBuildFile; fileRef = 2C42DEBD2996689300F7268F /* LaunchScreen.storyboard */; };
		2C42DECA2996689400F7268F /* TalkrrTests.swift in Sources */ = {isa = PBXBuildFile; fileRef = 2C42DEC92996689400F7268F /* TalkrrTests.swift */; };
		2C42DED42996689400F7268F /* TalkrrUITests.swift in Sources */ = {isa = PBXBuildFile; fileRef = 2C42DED32996689400F7268F /* TalkrrUITests.swift */; };
		2C42DED62996689400F7268F /* TalkrrUITestsLaunchTests.swift in Sources */ = {isa = PBXBuildFile; fileRef = 2C42DED52996689400F7268F /* TalkrrUITestsLaunchTests.swift */; };
		2C42DEE329966F6700F7268F /* GoogleService-Info.plist in Resources */ = {isa = PBXBuildFile; fileRef = 2C42DEE229966F6700F7268F /* GoogleService-Info.plist */; };
		2C42DEE5299679AC00F7268F /* Utilities.swift in Sources */ = {isa = PBXBuildFile; fileRef = 2C42DEE4299679AC00F7268F /* Utilities.swift */; };
		2C42DEE729967A6800F7268F /* RegisterViewController.swift in Sources */ = {isa = PBXBuildFile; fileRef = 2C42DEE629967A6800F7268F /* RegisterViewController.swift */; };
		2C42DEE929967AD300F7268F /* ChatPageViewController.swift in Sources */ = {isa = PBXBuildFile; fileRef = 2C42DEE829967AD300F7268F /* ChatPageViewController.swift */; };
		2C42DEEB29967B0800F7268F /* ChatViewCell.swift in Sources */ = {isa = PBXBuildFile; fileRef = 2C42DEEA29967B0800F7268F /* ChatViewCell.swift */; };
		2C42DEEF29967B6600F7268F /* SelectUserViewController.swift in Sources */ = {isa = PBXBuildFile; fileRef = 2C42DEEE29967B6600F7268F /* SelectUserViewController.swift */; };
		2C42DEF1299767E600F7268F /* Constants.swift in Sources */ = {isa = PBXBuildFile; fileRef = 2C42DEF0299767E600F7268F /* Constants.swift */; };
		7931E50D33ABC55806012113 /* Pods_Talkrr.framework in Frameworks */ = {isa = PBXBuildFile; fileRef = AFE91692128831496C32932E /* Pods_Talkrr.framework */; };
		A3E45F3BEF0B5AC47C061F05 /* Pods_Talkrr_TalkrrUITests.framework in Frameworks */ = {isa = PBXBuildFile; fileRef = AC0A046B46AC45393490EFEF /* Pods_Talkrr_TalkrrUITests.framework */; };
		AAC60977731173222FA79246 /* Pods_TalkrrTests.framework in Frameworks */ = {isa = PBXBuildFile; fileRef = F6A8A799C6011AB1788AD6A0 /* Pods_TalkrrTests.framework */; };
/* End PBXBuildFile section */

/* Begin PBXContainerItemProxy section */
		2C42DEC62996689400F7268F /* PBXContainerItemProxy */ = {
			isa = PBXContainerItemProxy;
			containerPortal = 2C42DEA72996689300F7268F /* Project object */;
			proxyType = 1;
			remoteGlobalIDString = 2C42DEAE2996689300F7268F;
			remoteInfo = Talkrr;
		};
		2C42DED02996689400F7268F /* PBXContainerItemProxy */ = {
			isa = PBXContainerItemProxy;
			containerPortal = 2C42DEA72996689300F7268F /* Project object */;
			proxyType = 1;
			remoteGlobalIDString = 2C42DEAE2996689300F7268F;
			remoteInfo = Talkrr;
		};
/* End PBXContainerItemProxy section */

/* Begin PBXFileReference section */
		23CF73223D2E5091AC34DCF2 /* Pods-Talkrr-TalkrrUITests.release.xcconfig */ = {isa = PBXFileReference; includeInIndex = 1; lastKnownFileType = text.xcconfig; name = "Pods-Talkrr-TalkrrUITests.release.xcconfig"; path = "Target Support Files/Pods-Talkrr-TalkrrUITests/Pods-Talkrr-TalkrrUITests.release.xcconfig"; sourceTree = "<group>"; };
		2C42DEAF2996689300F7268F /* Talkrr.app */ = {isa = PBXFileReference; explicitFileType = wrapper.application; includeInIndex = 0; path = Talkrr.app; sourceTree = BUILT_PRODUCTS_DIR; };
		2C42DEB22996689300F7268F /* AppDelegate.swift */ = {isa = PBXFileReference; lastKnownFileType = sourcecode.swift; path = AppDelegate.swift; sourceTree = "<group>"; };
		2C42DEB42996689300F7268F /* SceneDelegate.swift */ = {isa = PBXFileReference; lastKnownFileType = sourcecode.swift; path = SceneDelegate.swift; sourceTree = "<group>"; };
		2C42DEB62996689300F7268F /* ViewController.swift */ = {isa = PBXFileReference; lastKnownFileType = sourcecode.swift; path = ViewController.swift; sourceTree = "<group>"; };
		2C42DEBB2996689300F7268F /* Assets.xcassets */ = {isa = PBXFileReference; lastKnownFileType = folder.assetcatalog; path = Assets.xcassets; sourceTree = "<group>"; };
		2C42DEBE2996689300F7268F /* Base */ = {isa = PBXFileReference; lastKnownFileType = file.storyboard; name = Base; path = Base.lproj/LaunchScreen.storyboard; sourceTree = "<group>"; };
		2C42DEC02996689300F7268F /* Info.plist */ = {isa = PBXFileReference; lastKnownFileType = text.plist.xml; path = Info.plist; sourceTree = "<group>"; };
		2C42DEC52996689400F7268F /* TalkrrTests.xctest */ = {isa = PBXFileReference; explicitFileType = wrapper.cfbundle; includeInIndex = 0; path = TalkrrTests.xctest; sourceTree = BUILT_PRODUCTS_DIR; };
		2C42DEC92996689400F7268F /* TalkrrTests.swift */ = {isa = PBXFileReference; lastKnownFileType = sourcecode.swift; path = TalkrrTests.swift; sourceTree = "<group>"; };
		2C42DECF2996689400F7268F /* TalkrrUITests.xctest */ = {isa = PBXFileReference; explicitFileType = wrapper.cfbundle; includeInIndex = 0; path = TalkrrUITests.xctest; sourceTree = BUILT_PRODUCTS_DIR; };
		2C42DED32996689400F7268F /* TalkrrUITests.swift */ = {isa = PBXFileReference; lastKnownFileType = sourcecode.swift; path = TalkrrUITests.swift; sourceTree = "<group>"; };
		2C42DED52996689400F7268F /* TalkrrUITestsLaunchTests.swift */ = {isa = PBXFileReference; lastKnownFileType = sourcecode.swift; path = TalkrrUITestsLaunchTests.swift; sourceTree = "<group>"; };
		2C42DEE229966F6700F7268F /* GoogleService-Info.plist */ = {isa = PBXFileReference; fileEncoding = 4; lastKnownFileType = text.plist.xml; path = "GoogleService-Info.plist"; sourceTree = "<group>"; };
		2C42DEE4299679AC00F7268F /* Utilities.swift */ = {isa = PBXFileReference; lastKnownFileType = sourcecode.swift; path = Utilities.swift; sourceTree = "<group>"; };
		2C42DEE629967A6800F7268F /* RegisterViewController.swift */ = {isa = PBXFileReference; lastKnownFileType = sourcecode.swift; path = RegisterViewController.swift; sourceTree = "<group>"; };
		2C42DEE829967AD300F7268F /* ChatPageViewController.swift */ = {isa = PBXFileReference; lastKnownFileType = sourcecode.swift; path = ChatPageViewController.swift; sourceTree = "<group>"; };
		2C42DEEA29967B0800F7268F /* ChatViewCell.swift */ = {isa = PBXFileReference; lastKnownFileType = sourcecode.swift; path = ChatViewCell.swift; sourceTree = "<group>"; };
		2C42DEEE29967B6600F7268F /* SelectUserViewController.swift */ = {isa = PBXFileReference; lastKnownFileType = sourcecode.swift; path = SelectUserViewController.swift; sourceTree = "<group>"; };
		2C42DEF0299767E600F7268F /* Constants.swift */ = {isa = PBXFileReference; lastKnownFileType = sourcecode.swift; path = Constants.swift; sourceTree = "<group>"; };
		34511FE7A9BFE898F7316E8E /* Pods-Talkrr-TalkrrUITests.debug.xcconfig */ = {isa = PBXFileReference; includeInIndex = 1; lastKnownFileType = text.xcconfig; name = "Pods-Talkrr-TalkrrUITests.debug.xcconfig"; path = "Target Support Files/Pods-Talkrr-TalkrrUITests/Pods-Talkrr-TalkrrUITests.debug.xcconfig"; sourceTree = "<group>"; };
		5465D1F9BC47CC102A4BBC97 /* Pods-TalkrrTests.release.xcconfig */ = {isa = PBXFileReference; includeInIndex = 1; lastKnownFileType = text.xcconfig; name = "Pods-TalkrrTests.release.xcconfig"; path = "Target Support Files/Pods-TalkrrTests/Pods-TalkrrTests.release.xcconfig"; sourceTree = "<group>"; };
		8B61C99824219D5E7ECC738D /* Pods-Talkrr.debug.xcconfig */ = {isa = PBXFileReference; includeInIndex = 1; lastKnownFileType = text.xcconfig; name = "Pods-Talkrr.debug.xcconfig"; path = "Target Support Files/Pods-Talkrr/Pods-Talkrr.debug.xcconfig"; sourceTree = "<group>"; };
		AC0A046B46AC45393490EFEF /* Pods_Talkrr_TalkrrUITests.framework */ = {isa = PBXFileReference; explicitFileType = wrapper.framework; includeInIndex = 0; path = Pods_Talkrr_TalkrrUITests.framework; sourceTree = BUILT_PRODUCTS_DIR; };
		AFE91692128831496C32932E /* Pods_Talkrr.framework */ = {isa = PBXFileReference; explicitFileType = wrapper.framework; includeInIndex = 0; path = Pods_Talkrr.framework; sourceTree = BUILT_PRODUCTS_DIR; };
		C32B7AB5244F168D138F61E7 /* Pods-Talkrr.release.xcconfig */ = {isa = PBXFileReference; includeInIndex = 1; lastKnownFileType = text.xcconfig; name = "Pods-Talkrr.release.xcconfig"; path = "Target Support Files/Pods-Talkrr/Pods-Talkrr.release.xcconfig"; sourceTree = "<group>"; };
		E4A160A852C8D68469B574CB /* Pods-TalkrrTests.debug.xcconfig */ = {isa = PBXFileReference; includeInIndex = 1; lastKnownFileType = text.xcconfig; name = "Pods-TalkrrTests.debug.xcconfig"; path = "Target Support Files/Pods-TalkrrTests/Pods-TalkrrTests.debug.xcconfig"; sourceTree = "<group>"; };
		F6A8A799C6011AB1788AD6A0 /* Pods_TalkrrTests.framework */ = {isa = PBXFileReference; explicitFileType = wrapper.framework; includeInIndex = 0; path = Pods_TalkrrTests.framework; sourceTree = BUILT_PRODUCTS_DIR; };
/* End PBXFileReference section */

/* Begin PBXFrameworksBuildPhase section */
		2C42DEAC2996689300F7268F /* Frameworks */ = {
			isa = PBXFrameworksBuildPhase;
			buildActionMask = 2147483647;
			files = (
				7931E50D33ABC55806012113 /* Pods_Talkrr.framework in Frameworks */,
			);
			runOnlyForDeploymentPostprocessing = 0;
		};
		2C42DEC22996689400F7268F /* Frameworks */ = {
			isa = PBXFrameworksBuildPhase;
			buildActionMask = 2147483647;
			files = (
				AAC60977731173222FA79246 /* Pods_TalkrrTests.framework in Frameworks */,
			);
			runOnlyForDeploymentPostprocessing = 0;
		};
		2C42DECC2996689400F7268F /* Frameworks */ = {
			isa = PBXFrameworksBuildPhase;
			buildActionMask = 2147483647;
			files = (
				A3E45F3BEF0B5AC47C061F05 /* Pods_Talkrr_TalkrrUITests.framework in Frameworks */,
			);
			runOnlyForDeploymentPostprocessing = 0;
		};
/* End PBXFrameworksBuildPhase section */

/* Begin PBXGroup section */
		25EB266A61B7B6D7FE6C2741 /* Frameworks */ = {
			isa = PBXGroup;
			children = (
				AFE91692128831496C32932E /* Pods_Talkrr.framework */,
				AC0A046B46AC45393490EFEF /* Pods_Talkrr_TalkrrUITests.framework */,
				F6A8A799C6011AB1788AD6A0 /* Pods_TalkrrTests.framework */,
			);
			name = Frameworks;
			sourceTree = "<group>";
		};
		2C42DEA62996689300F7268F = {
			isa = PBXGroup;
			children = (
				2C42DEB12996689300F7268F /* Talkrr */,
				2C42DEC82996689400F7268F /* TalkrrTests */,
				2C42DED22996689400F7268F /* TalkrrUITests */,
				2C42DEB02996689300F7268F /* Products */,
				5F338515185E6D6077F9A2BB /* Pods */,
				25EB266A61B7B6D7FE6C2741 /* Frameworks */,
			);
			sourceTree = "<group>";
		};
		2C42DEB02996689300F7268F /* Products */ = {
			isa = PBXGroup;
			children = (
				2C42DEAF2996689300F7268F /* Talkrr.app */,
				2C42DEC52996689400F7268F /* TalkrrTests.xctest */,
				2C42DECF2996689400F7268F /* TalkrrUITests.xctest */,
			);
			name = Products;
			sourceTree = "<group>";
		};
		2C42DEB12996689300F7268F /* Talkrr */ = {
			isa = PBXGroup;
			children = (
				2C42DEB22996689300F7268F /* AppDelegate.swift */,
				2C42DEB42996689300F7268F /* SceneDelegate.swift */,
				2C42DEB62996689300F7268F /* ViewController.swift */,
				2C42DEE629967A6800F7268F /* RegisterViewController.swift */,
				2C42DEEE29967B6600F7268F /* SelectUserViewController.swift */,
				2C42DEE829967AD300F7268F /* ChatPageViewController.swift */,
				2C42DEEA29967B0800F7268F /* ChatViewCell.swift */,
				2C42DEF0299767E600F7268F /* Constants.swift */,
				2C42DEE4299679AC00F7268F /* Utilities.swift */,
				2C42DEBB2996689300F7268F /* Assets.xcassets */,
				2C42DEBD2996689300F7268F /* LaunchScreen.storyboard */,
				2C42DEE229966F6700F7268F /* GoogleService-Info.plist */,
				2C42DEC02996689300F7268F /* Info.plist */,
			);
			path = Talkrr;
			sourceTree = "<group>";
		};
		2C42DEC82996689400F7268F /* TalkrrTests */ = {
			isa = PBXGroup;
			children = (
				2C42DEC92996689400F7268F /* TalkrrTests.swift */,
			);
			path = TalkrrTests;
			sourceTree = "<group>";
		};
		2C42DED22996689400F7268F /* TalkrrUITests */ = {
			isa = PBXGroup;
			children = (
				2C42DED32996689400F7268F /* TalkrrUITests.swift */,
				2C42DED52996689400F7268F /* TalkrrUITestsLaunchTests.swift */,
			);
			path = TalkrrUITests;
			sourceTree = "<group>";
		};
		5F338515185E6D6077F9A2BB /* Pods */ = {
			isa = PBXGroup;
			children = (
				8B61C99824219D5E7ECC738D /* Pods-Talkrr.debug.xcconfig */,
				C32B7AB5244F168D138F61E7 /* Pods-Talkrr.release.xcconfig */,
				34511FE7A9BFE898F7316E8E /* Pods-Talkrr-TalkrrUITests.debug.xcconfig */,
				23CF73223D2E5091AC34DCF2 /* Pods-Talkrr-TalkrrUITests.release.xcconfig */,
				E4A160A852C8D68469B574CB /* Pods-TalkrrTests.debug.xcconfig */,
				5465D1F9BC47CC102A4BBC97 /* Pods-TalkrrTests.release.xcconfig */,
			);
			path = Pods;
			sourceTree = "<group>";
		};
/* End PBXGroup section */

/* Begin PBXNativeTarget section */
		2C42DEAE2996689300F7268F /* Talkrr */ = {
			isa = PBXNativeTarget;
			buildConfigurationList = 2C42DED92996689400F7268F /* Build configuration list for PBXNativeTarget "Talkrr" */;
			buildPhases = (
				3107FB44987B262B7723E976 /* [CP] Check Pods Manifest.lock */,
				2C42DEAB2996689300F7268F /* Sources */,
				2C42DEAC2996689300F7268F /* Frameworks */,
				2C42DEAD2996689300F7268F /* Resources */,
				76DA5F4D87825A3B7843B60D /* [CP] Embed Pods Frameworks */,
			);
			buildRules = (
			);
			dependencies = (
			);
			name = Talkrr;
			productName = Talkrr;
			productReference = 2C42DEAF2996689300F7268F /* Talkrr.app */;
			productType = "com.apple.product-type.application";
		};
		2C42DEC42996689400F7268F /* TalkrrTests */ = {
			isa = PBXNativeTarget;
			buildConfigurationList = 2C42DEDC2996689400F7268F /* Build configuration list for PBXNativeTarget "TalkrrTests" */;
			buildPhases = (
				B2D08359939760731A951E3B /* [CP] Check Pods Manifest.lock */,
				2C42DEC12996689400F7268F /* Sources */,
				2C42DEC22996689400F7268F /* Frameworks */,
				2C42DEC32996689400F7268F /* Resources */,
			);
			buildRules = (
			);
			dependencies = (
				2C42DEC72996689400F7268F /* PBXTargetDependency */,
			);
			name = TalkrrTests;
			productName = TalkrrTests;
			productReference = 2C42DEC52996689400F7268F /* TalkrrTests.xctest */;
			productType = "com.apple.product-type.bundle.unit-test";
		};
		2C42DECE2996689400F7268F /* TalkrrUITests */ = {
			isa = PBXNativeTarget;
			buildConfigurationList = 2C42DEDF2996689400F7268F /* Build configuration list for PBXNativeTarget "TalkrrUITests" */;
			buildPhases = (
				A5F8A7557B9FDB57AED125F5 /* [CP] Check Pods Manifest.lock */,
				2C42DECB2996689400F7268F /* Sources */,
				2C42DECC2996689400F7268F /* Frameworks */,
				2C42DECD2996689400F7268F /* Resources */,
				34166932C7319BB8E0CD0837 /* [CP] Embed Pods Frameworks */,
			);
			buildRules = (
			);
			dependencies = (
				2C42DED12996689400F7268F /* PBXTargetDependency */,
			);
			name = TalkrrUITests;
			productName = TalkrrUITests;
			productReference = 2C42DECF2996689400F7268F /* TalkrrUITests.xctest */;
			productType = "com.apple.product-type.bundle.ui-testing";
		};
/* End PBXNativeTarget section */

/* Begin PBXProject section */
		2C42DEA72996689300F7268F /* Project object */ = {
			isa = PBXProject;
			attributes = {
				BuildIndependentTargetsInParallel = 1;
				LastSwiftUpdateCheck = 1420;
				LastUpgradeCheck = 1420;
				TargetAttributes = {
					2C42DEAE2996689300F7268F = {
						CreatedOnToolsVersion = 14.2;
					};
					2C42DEC42996689400F7268F = {
						CreatedOnToolsVersion = 14.2;
						TestTargetID = 2C42DEAE2996689300F7268F;
					};
					2C42DECE2996689400F7268F = {
						CreatedOnToolsVersion = 14.2;
						TestTargetID = 2C42DEAE2996689300F7268F;
					};
				};
			};
			buildConfigurationList = 2C42DEAA2996689300F7268F /* Build configuration list for PBXProject "Talkrr" */;
			compatibilityVersion = "Xcode 14.0";
			developmentRegion = en;
			hasScannedForEncodings = 0;
			knownRegions = (
				en,
				Base,
			);
			mainGroup = 2C42DEA62996689300F7268F;
			productRefGroup = 2C42DEB02996689300F7268F /* Products */;
			projectDirPath = "";
			projectRoot = "";
			targets = (
				2C42DEAE2996689300F7268F /* Talkrr */,
				2C42DEC42996689400F7268F /* TalkrrTests */,
				2C42DECE2996689400F7268F /* TalkrrUITests */,
			);
		};
/* End PBXProject section */

/* Begin PBXResourcesBuildPhase section */
		2C42DEAD2996689300F7268F /* Resources */ = {
			isa = PBXResourcesBuildPhase;
			buildActionMask = 2147483647;
			files = (
				2C42DEBF2996689300F7268F /* LaunchScreen.storyboard in Resources */,
				2C42DEE329966F6700F7268F /* GoogleService-Info.plist in Resources */,
				2C42DEBC2996689300F7268F /* Assets.xcassets in Resources */,
			);
			runOnlyForDeploymentPostprocessing = 0;
		};
		2C42DEC32996689400F7268F /* Resources */ = {
			isa = PBXResourcesBuildPhase;
			buildActionMask = 2147483647;
			files = (
			);
			runOnlyForDeploymentPostprocessing = 0;
		};
		2C42DECD2996689400F7268F /* Resources */ = {
			isa = PBXResourcesBuildPhase;
			buildActionMask = 2147483647;
			files = (
			);
			runOnlyForDeploymentPostprocessing = 0;
		};
/* End PBXResourcesBuildPhase section */

/* Begin PBXShellScriptBuildPhase section */
		3107FB44987B262B7723E976 /* [CP] Check Pods Manifest.lock */ = {
			isa = PBXShellScriptBuildPhase;
			buildActionMask = 2147483647;
			files = (
			);
			inputFileListPaths = (
			);
			inputPaths = (
				"${PODS_PODFILE_DIR_PATH}/Podfile.lock",
				"${PODS_ROOT}/Manifest.lock",
			);
			name = "[CP] Check Pods Manifest.lock";
			outputFileListPaths = (
			);
			outputPaths = (
				"$(DERIVED_FILE_DIR)/Pods-Talkrr-checkManifestLockResult.txt",
			);
			runOnlyForDeploymentPostprocessing = 0;
			shellPath = /bin/sh;
			shellScript = "diff \"${PODS_PODFILE_DIR_PATH}/Podfile.lock\" \"${PODS_ROOT}/Manifest.lock\" > /dev/null\nif [ $? != 0 ] ; then\n    # print error to STDERR\n    echo \"error: The sandbox is not in sync with the Podfile.lock. Run 'pod install' or update your CocoaPods installation.\" >&2\n    exit 1\nfi\n# This output is used by Xcode 'outputs' to avoid re-running this script phase.\necho \"SUCCESS\" > \"${SCRIPT_OUTPUT_FILE_0}\"\n";
			showEnvVarsInLog = 0;
		};
		34166932C7319BB8E0CD0837 /* [CP] Embed Pods Frameworks */ = {
			isa = PBXShellScriptBuildPhase;
			buildActionMask = 2147483647;
			files = (
			);
			inputFileListPaths = (
				"${PODS_ROOT}/Target Support Files/Pods-Talkrr-TalkrrUITests/Pods-Talkrr-TalkrrUITests-frameworks-${CONFIGURATION}-input-files.xcfilelist",
			);
			name = "[CP] Embed Pods Frameworks";
			outputFileListPaths = (
				"${PODS_ROOT}/Target Support Files/Pods-Talkrr-TalkrrUITests/Pods-Talkrr-TalkrrUITests-frameworks-${CONFIGURATION}-output-files.xcfilelist",
			);
			runOnlyForDeploymentPostprocessing = 0;
			shellPath = /bin/sh;
			shellScript = "\"${PODS_ROOT}/Target Support Files/Pods-Talkrr-TalkrrUITests/Pods-Talkrr-TalkrrUITests-frameworks.sh\"\n";
			showEnvVarsInLog = 0;
		};
		76DA5F4D87825A3B7843B60D /* [CP] Embed Pods Frameworks */ = {
			isa = PBXShellScriptBuildPhase;
			buildActionMask = 2147483647;
			files = (
			);
			inputFileListPaths = (
				"${PODS_ROOT}/Target Support Files/Pods-Talkrr/Pods-Talkrr-frameworks-${CONFIGURATION}-input-files.xcfilelist",
			);
			name = "[CP] Embed Pods Frameworks";
			outputFileListPaths = (
				"${PODS_ROOT}/Target Support Files/Pods-Talkrr/Pods-Talkrr-frameworks-${CONFIGURATION}-output-files.xcfilelist",
			);
			runOnlyForDeploymentPostprocessing = 0;
			shellPath = /bin/sh;
			shellScript = "\"${PODS_ROOT}/Target Support Files/Pods-Talkrr/Pods-Talkrr-frameworks.sh\"\n";
			showEnvVarsInLog = 0;
		};
		A5F8A7557B9FDB57AED125F5 /* [CP] Check Pods Manifest.lock */ = {
			isa = PBXShellScriptBuildPhase;
			buildActionMask = 2147483647;
			files = (
			);
			inputFileListPaths = (
			);
			inputPaths = (
				"${PODS_PODFILE_DIR_PATH}/Podfile.lock",
				"${PODS_ROOT}/Manifest.lock",
			);
			name = "[CP] Check Pods Manifest.lock";
			outputFileListPaths = (
			);
			outputPaths = (
				"$(DERIVED_FILE_DIR)/Pods-Talkrr-TalkrrUITests-checkManifestLockResult.txt",
			);
			runOnlyForDeploymentPostprocessing = 0;
			shellPath = /bin/sh;
			shellScript = "diff \"${PODS_PODFILE_DIR_PATH}/Podfile.lock\" \"${PODS_ROOT}/Manifest.lock\" > /dev/null\nif [ $? != 0 ] ; then\n    # print error to STDERR\n    echo \"error: The sandbox is not in sync with the Podfile.lock. Run 'pod install' or update your CocoaPods installation.\" >&2\n    exit 1\nfi\n# This output is used by Xcode 'outputs' to avoid re-running this script phase.\necho \"SUCCESS\" > \"${SCRIPT_OUTPUT_FILE_0}\"\n";
			showEnvVarsInLog = 0;
		};
		B2D08359939760731A951E3B /* [CP] Check Pods Manifest.lock */ = {
			isa = PBXShellScriptBuildPhase;
			buildActionMask = 2147483647;
			files = (
			);
			inputFileListPaths = (
			);
			inputPaths = (
				"${PODS_PODFILE_DIR_PATH}/Podfile.lock",
				"${PODS_ROOT}/Manifest.lock",
			);
			name = "[CP] Check Pods Manifest.lock";
			outputFileListPaths = (
			);
			outputPaths = (
				"$(DERIVED_FILE_DIR)/Pods-TalkrrTests-checkManifestLockResult.txt",
			);
			runOnlyForDeploymentPostprocessing = 0;
			shellPath = /bin/sh;
			shellScript = "diff \"${PODS_PODFILE_DIR_PATH}/Podfile.lock\" \"${PODS_ROOT}/Manifest.lock\" > /dev/null\nif [ $? != 0 ] ; then\n    # print error to STDERR\n    echo \"error: The sandbox is not in sync with the Podfile.lock. Run 'pod install' or update your CocoaPods installation.\" >&2\n    exit 1\nfi\n# This output is used by Xcode 'outputs' to avoid re-running this script phase.\necho \"SUCCESS\" > \"${SCRIPT_OUTPUT_FILE_0}\"\n";
			showEnvVarsInLog = 0;
		};
/* End PBXShellScriptBuildPhase section */

/* Begin PBXSourcesBuildPhase section */
		2C42DEAB2996689300F7268F /* Sources */ = {
			isa = PBXSourcesBuildPhase;
			buildActionMask = 2147483647;
			files = (
				2C42DEE729967A6800F7268F /* RegisterViewController.swift in Sources */,
				2C42DEEF29967B6600F7268F /* SelectUserViewController.swift in Sources */,
				2C42DEE929967AD300F7268F /* ChatPageViewController.swift in Sources */,
				2C42DEB72996689300F7268F /* ViewController.swift in Sources */,
				2C42DEB32996689300F7268F /* AppDelegate.swift in Sources */,
				2C42DEEB29967B0800F7268F /* ChatViewCell.swift in Sources */,
				2C42DEE5299679AC00F7268F /* Utilities.swift in Sources */,
				2C42DEB52996689300F7268F /* SceneDelegate.swift in Sources */,
				2C42DEF1299767E600F7268F /* Constants.swift in Sources */,
			);
			runOnlyForDeploymentPostprocessing = 0;
		};
		2C42DEC12996689400F7268F /* Sources */ = {
			isa = PBXSourcesBuildPhase;
			buildActionMask = 2147483647;
			files = (
				2C42DECA2996689400F7268F /* TalkrrTests.swift in Sources */,
			);
			runOnlyForDeploymentPostprocessing = 0;
		};
		2C42DECB2996689400F7268F /* Sources */ = {
			isa = PBXSourcesBuildPhase;
			buildActionMask = 2147483647;
			files = (
				2C42DED62996689400F7268F /* TalkrrUITestsLaunchTests.swift in Sources */,
				2C42DED42996689400F7268F /* TalkrrUITests.swift in Sources */,
			);
			runOnlyForDeploymentPostprocessing = 0;
		};
/* End PBXSourcesBuildPhase section */

/* Begin PBXTargetDependency section */
		2C42DEC72996689400F7268F /* PBXTargetDependency */ = {
			isa = PBXTargetDependency;
			target = 2C42DEAE2996689300F7268F /* Talkrr */;
			targetProxy = 2C42DEC62996689400F7268F /* PBXContainerItemProxy */;
		};
		2C42DED12996689400F7268F /* PBXTargetDependency */ = {
			isa = PBXTargetDependency;
			target = 2C42DEAE2996689300F7268F /* Talkrr */;
			targetProxy = 2C42DED02996689400F7268F /* PBXContainerItemProxy */;
		};
/* End PBXTargetDependency section */

/* Begin PBXVariantGroup section */
		2C42DEBD2996689300F7268F /* LaunchScreen.storyboard */ = {
			isa = PBXVariantGroup;
			children = (
				2C42DEBE2996689300F7268F /* Base */,
			);
			name = LaunchScreen.storyboard;
			sourceTree = "<group>";
		};
/* End PBXVariantGroup section */

/* Begin XCBuildConfiguration section */
		2C42DED72996689400F7268F /* Debug */ = {
			isa = XCBuildConfiguration;
			buildSettings = {
				ALWAYS_SEARCH_USER_PATHS = NO;
				CLANG_ANALYZER_NONNULL = YES;
				CLANG_ANALYZER_NUMBER_OBJECT_CONVERSION = YES_AGGRESSIVE;
				CLANG_CXX_LANGUAGE_STANDARD = "gnu++20";
				CLANG_ENABLE_MODULES = YES;
				CLANG_ENABLE_OBJC_ARC = YES;
				CLANG_ENABLE_OBJC_WEAK = YES;
				CLANG_WARN_BLOCK_CAPTURE_AUTORELEASING = YES;
				CLANG_WARN_BOOL_CONVERSION = YES;
				CLANG_WARN_COMMA = YES;
				CLANG_WARN_CONSTANT_CONVERSION = YES;
				CLANG_WARN_DEPRECATED_OBJC_IMPLEMENTATIONS = YES;
				CLANG_WARN_DIRECT_OBJC_ISA_USAGE = YES_ERROR;
				CLANG_WARN_DOCUMENTATION_COMMENTS = YES;
				CLANG_WARN_EMPTY_BODY = YES;
				CLANG_WARN_ENUM_CONVERSION = YES;
				CLANG_WARN_INFINITE_RECURSION = YES;
				CLANG_WARN_INT_CONVERSION = YES;
				CLANG_WARN_NON_LITERAL_NULL_CONVERSION = YES;
				CLANG_WARN_OBJC_IMPLICIT_RETAIN_SELF = YES;
				CLANG_WARN_OBJC_LITERAL_CONVERSION = YES;
				CLANG_WARN_OBJC_ROOT_CLASS = YES_ERROR;
				CLANG_WARN_QUOTED_INCLUDE_IN_FRAMEWORK_HEADER = YES;
				CLANG_WARN_RANGE_LOOP_ANALYSIS = YES;
				CLANG_WARN_STRICT_PROTOTYPES = YES;
				CLANG_WARN_SUSPICIOUS_MOVE = YES;
				CLANG_WARN_UNGUARDED_AVAILABILITY = YES_AGGRESSIVE;
				CLANG_WARN_UNREACHABLE_CODE = YES;
				CLANG_WARN__DUPLICATE_METHOD_MATCH = YES;
				COPY_PHASE_STRIP = NO;
				DEBUG_INFORMATION_FORMAT = dwarf;
				ENABLE_STRICT_OBJC_MSGSEND = YES;
				ENABLE_TESTABILITY = YES;
				GCC_C_LANGUAGE_STANDARD = gnu11;
				GCC_DYNAMIC_NO_PIC = NO;
				GCC_NO_COMMON_BLOCKS = YES;
				GCC_OPTIMIZATION_LEVEL = 0;
				GCC_PREPROCESSOR_DEFINITIONS = (
					"DEBUG=1",
					"$(inherited)",
				);
				GCC_WARN_64_TO_32_BIT_CONVERSION = YES;
				GCC_WARN_ABOUT_RETURN_TYPE = YES_ERROR;
				GCC_WARN_UNDECLARED_SELECTOR = YES;
				GCC_WARN_UNINITIALIZED_AUTOS = YES_AGGRESSIVE;
				GCC_WARN_UNUSED_FUNCTION = YES;
				GCC_WARN_UNUSED_VARIABLE = YES;
				IPHONEOS_DEPLOYMENT_TARGET = 16.2;
				MTL_ENABLE_DEBUG_INFO = INCLUDE_SOURCE;
				MTL_FAST_MATH = YES;
				ONLY_ACTIVE_ARCH = YES;
				SDKROOT = iphoneos;
				SWIFT_ACTIVE_COMPILATION_CONDITIONS = DEBUG;
				SWIFT_OPTIMIZATION_LEVEL = "-Onone";
			};
			name = Debug;
		};
		2C42DED82996689400F7268F /* Release */ = {
			isa = XCBuildConfiguration;
			buildSettings = {
				ALWAYS_SEARCH_USER_PATHS = NO;
				CLANG_ANALYZER_NONNULL = YES;
				CLANG_ANALYZER_NUMBER_OBJECT_CONVERSION = YES_AGGRESSIVE;
				CLANG_CXX_LANGUAGE_STANDARD = "gnu++20";
				CLANG_ENABLE_MODULES = YES;
				CLANG_ENABLE_OBJC_ARC = YES;
				CLANG_ENABLE_OBJC_WEAK = YES;
				CLANG_WARN_BLOCK_CAPTURE_AUTORELEASING = YES;
				CLANG_WARN_BOOL_CONVERSION = YES;
				CLANG_WARN_COMMA = YES;
				CLANG_WARN_CONSTANT_CONVERSION = YES;
				CLANG_WARN_DEPRECATED_OBJC_IMPLEMENTATIONS = YES;
				CLANG_WARN_DIRECT_OBJC_ISA_USAGE = YES_ERROR;
				CLANG_WARN_DOCUMENTATION_COMMENTS = YES;
				CLANG_WARN_EMPTY_BODY = YES;
				CLANG_WARN_ENUM_CONVERSION = YES;
				CLANG_WARN_INFINITE_RECURSION = YES;
				CLANG_WARN_INT_CONVERSION = YES;
				CLANG_WARN_NON_LITERAL_NULL_CONVERSION = YES;
				CLANG_WARN_OBJC_IMPLICIT_RETAIN_SELF = YES;
				CLANG_WARN_OBJC_LITERAL_CONVERSION = YES;
				CLANG_WARN_OBJC_ROOT_CLASS = YES_ERROR;
				CLANG_WARN_QUOTED_INCLUDE_IN_FRAMEWORK_HEADER = YES;
				CLANG_WARN_RANGE_LOOP_ANALYSIS = YES;
				CLANG_WARN_STRICT_PROTOTYPES = YES;
				CLANG_WARN_SUSPICIOUS_MOVE = YES;
				CLANG_WARN_UNGUARDED_AVAILABILITY = YES_AGGRESSIVE;
				CLANG_WARN_UNREACHABLE_CODE = YES;
				CLANG_WARN__DUPLICATE_METHOD_MATCH = YES;
				COPY_PHASE_STRIP = NO;
				DEBUG_INFORMATION_FORMAT = "dwarf-with-dsym";
				ENABLE_NS_ASSERTIONS = NO;
				ENABLE_STRICT_OBJC_MSGSEND = YES;
				GCC_C_LANGUAGE_STANDARD = gnu11;
				GCC_NO_COMMON_BLOCKS = YES;
				GCC_WARN_64_TO_32_BIT_CONVERSION = YES;
				GCC_WARN_ABOUT_RETURN_TYPE = YES_ERROR;
				GCC_WARN_UNDECLARED_SELECTOR = YES;
				GCC_WARN_UNINITIALIZED_AUTOS = YES_AGGRESSIVE;
				GCC_WARN_UNUSED_FUNCTION = YES;
				GCC_WARN_UNUSED_VARIABLE = YES;
				IPHONEOS_DEPLOYMENT_TARGET = 16.2;
				MTL_ENABLE_DEBUG_INFO = NO;
				MTL_FAST_MATH = YES;
				SDKROOT = iphoneos;
				SWIFT_COMPILATION_MODE = wholemodule;
				SWIFT_OPTIMIZATION_LEVEL = "-O";
				VALIDATE_PRODUCT = YES;
			};
			name = Release;
		};
		2C42DEDA2996689400F7268F /* Debug */ = {
			isa = XCBuildConfiguration;
			baseConfigurationReference = 8B61C99824219D5E7ECC738D /* Pods-Talkrr.debug.xcconfig */;
			buildSettings = {
				ASSETCATALOG_COMPILER_APPICON_NAME = AppIcon;
				ASSETCATALOG_COMPILER_GLOBAL_ACCENT_COLOR_NAME = AccentColor;
				CODE_SIGN_STYLE = Automatic;
				CURRENT_PROJECT_VERSION = 1;
				DEVELOPMENT_TEAM = MUN3YP968B;
				GENERATE_INFOPLIST_FILE = YES;
				INFOPLIST_FILE = Talkrr/Info.plist;
				INFOPLIST_KEY_UIApplicationSupportsIndirectInputEvents = YES;
				INFOPLIST_KEY_UILaunchStoryboardName = LaunchScreen;
				INFOPLIST_KEY_UISupportedInterfaceOrientations_iPad = "UIInterfaceOrientationPortrait UIInterfaceOrientationPortraitUpsideDown UIInterfaceOrientationLandscapeLeft UIInterfaceOrientationLandscapeRight";
				INFOPLIST_KEY_UISupportedInterfaceOrientations_iPhone = "UIInterfaceOrientationPortrait UIInterfaceOrientationLandscapeLeft UIInterfaceOrientationLandscapeRight";
				LD_RUNPATH_SEARCH_PATHS = (
					"$(inherited)",
					"@executable_path/Frameworks",
				);
				MARKETING_VERSION = 1.0;
				PRODUCT_BUNDLE_IDENTIFIER = revatamaskar.Talkrr;
				PRODUCT_NAME = "$(TARGET_NAME)";
				SWIFT_EMIT_LOC_STRINGS = YES;
				SWIFT_VERSION = 5.0;
				TARGETED_DEVICE_FAMILY = "1,2";
			};
			name = Debug;
		};
		2C42DEDB2996689400F7268F /* Release */ = {
			isa = XCBuildConfiguration;
			baseConfigurationReference = C32B7AB5244F168D138F61E7 /* Pods-Talkrr.release.xcconfig */;
			buildSettings = {
				ASSETCATALOG_COMPILER_APPICON_NAME = AppIcon;
				ASSETCATALOG_COMPILER_GLOBAL_ACCENT_COLOR_NAME = AccentColor;
				CODE_SIGN_STYLE = Automatic;
				CURRENT_PROJECT_VERSION = 1;
				DEVELOPMENT_TEAM = MUN3YP968B;
				GENERATE_INFOPLIST_FILE = YES;
				INFOPLIST_FILE = Talkrr/Info.plist;
				INFOPLIST_KEY_UIApplicationSupportsIndirectInputEvents = YES;
				INFOPLIST_KEY_UILaunchStoryboardName = LaunchScreen;
				INFOPLIST_KEY_UISupportedInterfaceOrientations_iPad = "UIInterfaceOrientationPortrait UIInterfaceOrientationPortraitUpsideDown UIInterfaceOrientationLandscapeLeft UIInterfaceOrientationLandscapeRight";
				INFOPLIST_KEY_UISupportedInterfaceOrientations_iPhone = "UIInterfaceOrientationPortrait UIInterfaceOrientationLandscapeLeft UIInterfaceOrientationLandscapeRight";
				LD_RUNPATH_SEARCH_PATHS = (
					"$(inherited)",
					"@executable_path/Frameworks",
				);
				MARKETING_VERSION = 1.0;
				PRODUCT_BUNDLE_IDENTIFIER = revatamaskar.Talkrr;
				PRODUCT_NAME = "$(TARGET_NAME)";
				SWIFT_EMIT_LOC_STRINGS = YES;
				SWIFT_VERSION = 5.0;
				TARGETED_DEVICE_FAMILY = "1,2";
			};
			name = Release;
		};
		2C42DEDD2996689400F7268F /* Debug */ = {
			isa = XCBuildConfiguration;
			baseConfigurationReference = E4A160A852C8D68469B574CB /* Pods-TalkrrTests.debug.xcconfig */;
			buildSettings = {
				ALWAYS_EMBED_SWIFT_STANDARD_LIBRARIES = YES;
				BUNDLE_LOADER = "$(TEST_HOST)";
				CODE_SIGN_STYLE = Automatic;
				CURRENT_PROJECT_VERSION = 1;
				DEVELOPMENT_TEAM = MUN3YP968B;
				GENERATE_INFOPLIST_FILE = YES;
				IPHONEOS_DEPLOYMENT_TARGET = 16.2;
				MARKETING_VERSION = 1.0;
				PRODUCT_BUNDLE_IDENTIFIER = revatamaskar.TalkrrTests;
				PRODUCT_NAME = "$(TARGET_NAME)";
				SWIFT_EMIT_LOC_STRINGS = NO;
				SWIFT_VERSION = 5.0;
				TARGETED_DEVICE_FAMILY = "1,2";
				TEST_HOST = "$(BUILT_PRODUCTS_DIR)/Talkrr.app/$(BUNDLE_EXECUTABLE_FOLDER_PATH)/Talkrr";
			};
			name = Debug;
		};
		2C42DEDE2996689400F7268F /* Release */ = {
			isa = XCBuildConfiguration;
			baseConfigurationReference = 5465D1F9BC47CC102A4BBC97 /* Pods-TalkrrTests.release.xcconfig */;
			buildSettings = {
				ALWAYS_EMBED_SWIFT_STANDARD_LIBRARIES = YES;
				BUNDLE_LOADER = "$(TEST_HOST)";
				CODE_SIGN_STYLE = Automatic;
				CURRENT_PROJECT_VERSION = 1;
				DEVELOPMENT_TEAM = MUN3YP968B;
				GENERATE_INFOPLIST_FILE = YES;
				IPHONEOS_DEPLOYMENT_TARGET = 16.2;
				MARKETING_VERSION = 1.0;
				PRODUCT_BUNDLE_IDENTIFIER = revatamaskar.TalkrrTests;
				PRODUCT_NAME = "$(TARGET_NAME)";
				SWIFT_EMIT_LOC_STRINGS = NO;
				SWIFT_VERSION = 5.0;
				TARGETED_DEVICE_FAMILY = "1,2";
				TEST_HOST = "$(BUILT_PRODUCTS_DIR)/Talkrr.app/$(BUNDLE_EXECUTABLE_FOLDER_PATH)/Talkrr";
			};
			name = Release;
		};
		2C42DEE02996689400F7268F /* Debug */ = {
			isa = XCBuildConfiguration;
			baseConfigurationReference = 34511FE7A9BFE898F7316E8E /* Pods-Talkrr-TalkrrUITests.debug.xcconfig */;
			buildSettings = {
				ALWAYS_EMBED_SWIFT_STANDARD_LIBRARIES = YES;
				CODE_SIGN_STYLE = Automatic;
				CURRENT_PROJECT_VERSION = 1;
				DEVELOPMENT_TEAM = MUN3YP968B;
				GENERATE_INFOPLIST_FILE = YES;
				MARKETING_VERSION = 1.0;
				PRODUCT_BUNDLE_IDENTIFIER = revatamaskar.TalkrrUITests;
				PRODUCT_NAME = "$(TARGET_NAME)";
				SWIFT_EMIT_LOC_STRINGS = NO;
				SWIFT_VERSION = 5.0;
				TARGETED_DEVICE_FAMILY = "1,2";
				TEST_TARGET_NAME = Talkrr;
			};
			name = Debug;
		};
		2C42DEE12996689400F7268F /* Release */ = {
			isa = XCBuildConfiguration;
			baseConfigurationReference = 23CF73223D2E5091AC34DCF2 /* Pods-Talkrr-TalkrrUITests.release.xcconfig */;
			buildSettings = {
				ALWAYS_EMBED_SWIFT_STANDARD_LIBRARIES = YES;
				CODE_SIGN_STYLE = Automatic;
				CURRENT_PROJECT_VERSION = 1;
				DEVELOPMENT_TEAM = MUN3YP968B;
				GENERATE_INFOPLIST_FILE = YES;
				MARKETING_VERSION = 1.0;
				PRODUCT_BUNDLE_IDENTIFIER = revatamaskar.TalkrrUITests;
				PRODUCT_NAME = "$(TARGET_NAME)";
				SWIFT_EMIT_LOC_STRINGS = NO;
				SWIFT_VERSION = 5.0;
				TARGETED_DEVICE_FAMILY = "1,2";
				TEST_TARGET_NAME = Talkrr;
			};
			name = Release;
		};
/* End XCBuildConfiguration section */

/* Begin XCConfigurationList section */
		2C42DEAA2996689300F7268F /* Build configuration list for PBXProject "Talkrr" */ = {
			isa = XCConfigurationList;
			buildConfigurations = (
				2C42DED72996689400F7268F /* Debug */,
				2C42DED82996689400F7268F /* Release */,
			);
			defaultConfigurationIsVisible = 0;
			defaultConfigurationName = Release;
		};
		2C42DED92996689400F7268F /* Build configuration list for PBXNativeTarget "Talkrr" */ = {
			isa = XCConfigurationList;
			buildConfigurations = (
				2C42DEDA2996689400F7268F /* Debug */,
				2C42DEDB2996689400F7268F /* Release */,
			);
			defaultConfigurationIsVisible = 0;
			defaultConfigurationName = Release;
		};
		2C42DEDC2996689400F7268F /* Build configuration list for PBXNativeTarget "TalkrrTests" */ = {
			isa = XCConfigurationList;
			buildConfigurations = (
				2C42DEDD2996689400F7268F /* Debug */,
				2C42DEDE2996689400F7268F /* Release */,
			);
			defaultConfigurationIsVisible = 0;
			defaultConfigurationName = Release;
		};
		2C42DEDF2996689400F7268F /* Build configuration list for PBXNativeTarget "TalkrrUITests" */ = {
			isa = XCConfigurationList;
			buildConfigurations = (
				2C42DEE02996689400F7268F /* Debug */,
				2C42DEE12996689400F7268F /* Release */,
			);
			defaultConfigurationIsVisible = 0;
			defaultConfigurationName = Release;
		};
/* End XCConfigurationList section */
	};
	rootObject = 2C42DEA72996689300F7268F /* Project object */;
}
